<?xml version="1.0" encoding="utf-8"?>
<Project ToolsVersion="4.0" xmlns="http://schemas.microsoft.com/developer/msbuild/2003">
  <ItemGroup>
    <Filter Include="Source Files">
      <UniqueIdentifier>{4FC737F1-C7A5-4376-A066-2A32D752A2FF}</UniqueIdentifier>
      <Extensions>cpp;c;cc;cxx;c++;cppm;ixx;def;odl;idl;hpj;bat;asm;asmx</Extensions>
    </Filter>
    <Filter Include="Header Files">
      <UniqueIdentifier>{93995380-89BD-4b04-88EB-625FBE52EBFB}</UniqueIdentifier>
      <Extensions>h;hh;hpp;hxx;h++;hm;inl;inc;ipp;xsd</Extensions>
    </Filter>
    <Filter Include="Resource Files">
      <UniqueIdentifier>{67DA6AB6-F800-4c08-8B7A-83BB121AAD01}</UniqueIdentifier>
      <Extensions>rc;ico;cur;bmp;dlg;rc2;rct;bin;rgs;gif;jpg;jpeg;jpe;resx;tiff;tif;png;wav;mfcribbon-ms</Extensions>
    </Filter>
    <Filter Include="Header Files\Basics">
      <UniqueIdentifier>{2f712e96-eda3-4a72-ac33-774023d8b76b}</UniqueIdentifier>
    </Filter>
    <Filter Include="Source Files\Basics">
      <UniqueIdentifier>{94549594-53a6-4960-901f-d96348dd9eb0}</UniqueIdentifier>
    </Filter>
    <Filter Include="Header Files\Devices">
      <UniqueIdentifier>{9b6a134f-b780-4f65-92ef-b4c7fca5a33b}</UniqueIdentifier>
    </Filter>
    <Filter Include="Source Files\Devices">
      <UniqueIdentifier>{ce95a1b1-42b1-489c-9454-75f6b043af64}</UniqueIdentifier>
    </Filter>
    <Filter Include="Source Files\SharedData">
      <UniqueIdentifier>{a39d5c2f-91f5-4831-9970-1f5368fc973f}</UniqueIdentifier>
    </Filter>
    <Filter Include="Header Files\SharedData">
      <UniqueIdentifier>{7c0f4139-b0f1-4381-81d4-da5f4630bb55}</UniqueIdentifier>
    </Filter>
    <Filter Include="Header Files\Common">
      <UniqueIdentifier>{fc7c96f8-6da9-4cad-9ea2-376ea9339bc7}</UniqueIdentifier>
    </Filter>
    <Filter Include="Source Files\Common">
      <UniqueIdentifier>{1c9602eb-bcc4-44e5-ad8c-70580e2b35dd}</UniqueIdentifier>
    </Filter>
  </ItemGroup>
  <ItemGroup>
    <ClInclude Include="Include\BasicsSimplifierSharedStructs.h">
      <Filter>Header Files\Basics</Filter>
    </ClInclude>
    <ClInclude Include="Include\BasicsSimplifier.h">
      <Filter>Header Files\Basics</Filter>
    </ClInclude>
    <ClInclude Include="Basics\WindowSimplifierInternal.h">
      <Filter>Header Files\Basics</Filter>
    </ClInclude>
    <ClInclude Include="Other\framework.h">
      <Filter>Header Files\Common</Filter>
    </ClInclude>
    <ClInclude Include="Other\pch.h">
      <Filter>Header Files\Common</Filter>
    </ClInclude>
    <ClInclude Include="Basics\VulkanCoreSimplifierInternal.h">
      <Filter>Header Files\Basics</Filter>
    </ClInclude>
    <ClInclude Include="Include\BasicsSimplifierSharedEnums.h">
      <Filter>Header Files\Basics</Filter>
    </ClInclude>
    <ClInclude Include="Basics\SurfaceSimplifierInternal.h">
      <Filter>Header Files\Basics</Filter>
    </ClInclude>
    <ClInclude Include="Basics\BasicsSimplifierInternal.h">
      <Filter>Header Files\Basics</Filter>
    </ClInclude>
    <ClInclude Include="Basics\DeviceListSimplifierInternal.h">
      <Filter>Header Files\Basics</Filter>
    </ClInclude>
    <ClInclude Include="Include\DeviceListSimplifier.h">
      <Filter>Header Files\Basics</Filter>
    </ClInclude>
    <ClInclude Include="Include\DeviceSimplifierSharedStructs.h">
      <Filter>Header Files\Devices</Filter>
    </ClInclude>
    <ClInclude Include="Device\DeviceCoreSimplifierInternal.h">
      <Filter>Header Files\Devices</Filter>
    </ClInclude>
    <ClInclude Include="Include\DeviceSimplifierSharedEnums.h">
      <Filter>Header Files\Devices</Filter>
    </ClInclude>
    <ClInclude Include="Include\VulkanSimplifierListTemplate.h">
      <Filter>Header Files\Common</Filter>
    </ClInclude>
    <ClInclude Include="Device\ShaderModulesSimplifierInternal.h">
      <Filter>Header Files\Devices</Filter>
    </ClInclude>
    <ClInclude Include="Include\ShaderModulesSimplifier.h">
      <Filter>Header Files\Devices</Filter>
    </ClInclude>
    <ClInclude Include="Include\DeviceCoreSimplifier.h">
      <Filter>Header Files\Devices</Filter>
    </ClInclude>
    <ClInclude Include="SharedData\SharedDataPipelineElementsInternal.h">
      <Filter>Header Files\SharedData</Filter>
    </ClInclude>
    <ClInclude Include="SharedData\SharedDataSimplifierCoreInternal.h">
      <Filter>Header Files\SharedData</Filter>
    </ClInclude>
    <ClInclude Include="Include\SharedDataSimplifierCore.h">
      <Filter>Header Files\SharedData</Filter>
    </ClInclude>
    <ClInclude Include="Basics\SwapchainSimplifierInternal.h">
      <Filter>Header Files\Basics</Filter>
    </ClInclude>
    <ClInclude Include="Include\SwapchainSimplifier.h">
      <Filter>Header Files\Basics</Filter>
    </ClInclude>
    <ClInclude Include="Include\DeviceDataListSimplifier.h">
      <Filter>Header Files\Devices</Filter>
    </ClInclude>
    <ClInclude Include="Device\DeviceDataListSimplifierInternal.h">
      <Filter>Header Files\Devices</Filter>
    </ClInclude>
    <ClInclude Include="Include\SharedDataPipelineElements.h">
      <Filter>Header Files\SharedData</Filter>
    </ClInclude>
    <ClInclude Include="Include\SharedDataSimplifierEnums.h">
      <Filter>Header Files\SharedData</Filter>
    </ClInclude>
    <ClInclude Include="Include\MainSimplifier.h">
      <Filter>Header Files\Common</Filter>
    </ClInclude>
    <ClInclude Include="Other\MainSimplifierInternal.h">
      <Filter>Header Files\Common</Filter>
    </ClInclude>
    <ClInclude Include="SharedData\SharedDataPipelineLayoutElementsInternal.h">
      <Filter>Header Files\SharedData</Filter>
    </ClInclude>
    <ClInclude Include="Include\SharedDataPipelineLayoutElements.h">
      <Filter>Header Files\SharedData</Filter>
    </ClInclude>
    <ClInclude Include="Device\DevicePipelineDataInternal.h">
      <Filter>Header Files\Devices</Filter>
    </ClInclude>
    <ClInclude Include="Include\DevicePipelineData.h">
      <Filter>Header Files\Devices</Filter>
    </ClInclude>
    <ClInclude Include="SharedData\SharedDataRenderPassElementsInternal.h">
      <Filter>Header Files\SharedData</Filter>
    </ClInclude>
    <ClInclude Include="Include\SharedDataRenderPassElements.h">
      <Filter>Header Files\SharedData</Filter>
    </ClInclude>
    <ClInclude Include="Device\DeviceImageSimplifierInternal.h">
      <Filter>Header Files\Devices</Filter>
    </ClInclude>
    <ClInclude Include="Include\DeviceImageSimplifier.h">
      <Filter>Header Files\Devices</Filter>
    </ClInclude>
    <ClInclude Include="Device\DeviceCommandBufferSimplifierInternal.h">
      <Filter>Header Files\Devices</Filter>
    </ClInclude>
    <ClInclude Include="Include\DeviceCommandBufferSimplifier.h">
      <Filter>Header Files\Devices</Filter>
    </ClInclude>
    <ClInclude Include="Device\DeviceCommandRecorderInternal.h">
      <Filter>Header Files\Devices</Filter>
    </ClInclude>
    <ClInclude Include="Include\DeviceCommandRecorder.h">
      <Filter>Header Files\Devices</Filter>
    </ClInclude>
    <ClInclude Include="Device\DeviceSynchronizationSimplifierInternal.h">
      <Filter>Header Files\Devices</Filter>
    </ClInclude>
    <ClInclude Include="Include\DeviceSynchronizationSimplifier.h">
      <Filter>Header Files\Devices</Filter>
    </ClInclude>
    <ClInclude Include="Include\WindowSimplifier.h">
      <Filter>Header Files\Basics</Filter>
    </ClInclude>
    <ClInclude Include="Device\DeviceMemorySimplifierInternal.h">
      <Filter>Header Files\Devices</Filter>
    </ClInclude>
    <ClInclude Include="Include\DeviceMemorySimplifier.h">
      <Filter>Header Files\Devices</Filter>
    </ClInclude>
  </ItemGroup>
  <ItemGroup>
    <ClCompile Include="Basics\BasicsSimplifier.cpp">
      <Filter>Source Files\Basics</Filter>
    </ClCompile>
    <ClCompile Include="Basics\WindowSimplifierInternal.cpp">
      <Filter>Source Files\Basics</Filter>
    </ClCompile>
    <ClCompile Include="Basics\pch.cpp">
      <Filter>Source Files\Common</Filter>
    </ClCompile>
    <ClCompile Include="Basics\VulkanCoreSimplifierInternal.cpp">
      <Filter>Source Files\Basics</Filter>
    </ClCompile>
    <ClCompile Include="Basics\BasicsSimplifierSharedStructs.cpp">
      <Filter>Source Files\Basics</Filter>
    </ClCompile>
    <ClCompile Include="Basics\SurfaceSimplifierInternal.cpp">
      <Filter>Source Files\Basics</Filter>
    </ClCompile>
    <ClCompile Include="Basics\BasicsSimplifierInternal.cpp">
      <Filter>Source Files\Basics</Filter>
    </ClCompile>
    <ClCompile Include="Basics\DeviceListSimplifierInternal.cpp">
      <Filter>Source Files\Basics</Filter>
    </ClCompile>
    <ClCompile Include="Basics\DeviceListSimplifier.cpp">
      <Filter>Source Files\Basics</Filter>
    </ClCompile>
    <ClCompile Include="Device\DeviceCoreSimplifierInternal.cpp">
      <Filter>Source Files\Devices</Filter>
    </ClCompile>
    <ClCompile Include="Device\DeviceSimplifierSharedStructs.cpp">
      <Filter>Source Files\Devices</Filter>
    </ClCompile>
    <ClCompile Include="Other\VulkanSimplifierListTemplate.cpp">
      <Filter>Source Files\Common</Filter>
    </ClCompile>
    <ClCompile Include="Device\ShaderModulesSimplifierInternal.cpp">
      <Filter>Source Files\Devices</Filter>
    </ClCompile>
    <ClCompile Include="Device\ShaderModulesSimplifier.cpp">
      <Filter>Source Files\Devices</Filter>
    </ClCompile>
    <ClCompile Include="Device\DeviceCoreSimplifier.cpp">
      <Filter>Source Files\Devices</Filter>
    </ClCompile>
    <ClCompile Include="Basics\SwapchainSimplifierInternal.cpp">
      <Filter>Source Files\Basics</Filter>
    </ClCompile>
    <ClCompile Include="SharedData\SharedDataPipelineElementsInternal.cpp">
      <Filter>Source Files\SharedData</Filter>
    </ClCompile>
    <ClCompile Include="SharedData\SharedDataSimplifierCore.cpp">
      <Filter>Source Files\SharedData</Filter>
    </ClCompile>
    <ClCompile Include="SharedData\SharedDataSimplifierCoreInternal.cpp">
      <Filter>Source Files\SharedData</Filter>
    </ClCompile>
    <ClCompile Include="Basics\SwapchainSimplifier.cpp">
      <Filter>Source Files\Basics</Filter>
    </ClCompile>
    <ClCompile Include="Device\DeviceDataListSimplifier.cpp">
      <Filter>Source Files\Devices</Filter>
    </ClCompile>
    <ClCompile Include="Device\DeviceDataListSimplifierInternal.cpp">
      <Filter>Source Files\Devices</Filter>
    </ClCompile>
    <ClCompile Include="SharedData\SharedDataPipelineElements.cpp">
      <Filter>Source Files\SharedData</Filter>
    </ClCompile>
    <ClCompile Include="SharedData\SharedDataSimplifierEnums.cpp">
      <Filter>Source Files\SharedData</Filter>
    </ClCompile>
    <ClCompile Include="Other\MainSimplifier.cpp">
      <Filter>Source Files\Common</Filter>
    </ClCompile>
    <ClCompile Include="Other\MainSimplifierInternal.cpp">
      <Filter>Source Files\Common</Filter>
    </ClCompile>
    <ClCompile Include="SharedData\SharedDataPipelineLayoutElementsInternal.cpp">
      <Filter>Source Files\SharedData</Filter>
    </ClCompile>
    <ClCompile Include="SharedData\SharedDataPipelineLayoutElements.cpp">
      <Filter>Source Files\SharedData</Filter>
    </ClCompile>
    <ClCompile Include="Device\DevicePipelineDataInternal.cpp">
      <Filter>Source Files\Devices</Filter>
    </ClCompile>
    <ClCompile Include="Device\DevicePipelineData.cpp">
      <Filter>Source Files\Devices</Filter>
    </ClCompile>
    <ClCompile Include="SharedData\SharedDataRenderPassElementsInternal.cpp">
      <Filter>Source Files\SharedData</Filter>
    </ClCompile>
    <ClCompile Include="SharedData\SharedDataRenderPassElements.cpp">
      <Filter>Source Files\SharedData</Filter>
    </ClCompile>
    <ClCompile Include="Device\DeviceImageSimplifierInternal.cpp">
      <Filter>Source Files\Devices</Filter>
    </ClCompile>
    <ClCompile Include="Device\DeviceImageSimplifier.cpp">
      <Filter>Source Files\Devices</Filter>
    </ClCompile>
    <ClCompile Include="Device\DeviceCommandBufferSimplifierInternal.cpp">
      <Filter>Source Files\Devices</Filter>
    </ClCompile>
    <ClCompile Include="Device\DeviceCommandBufferSimplifier.cpp">
      <Filter>Source Files\Devices</Filter>
    </ClCompile>
    <ClCompile Include="Device\DeviceCommandRecorderInternal.cpp">
      <Filter>Source Files\Devices</Filter>
    </ClCompile>
    <ClCompile Include="Device\DeviceCommandRecorder.cpp">
      <Filter>Source Files\Devices</Filter>
    </ClCompile>
    <ClCompile Include="Device\DeviceSynchronizationSimplifierInternal.cpp">
      <Filter>Source Files\Devices</Filter>
    </ClCompile>
    <ClCompile Include="Device\DeviceSynchronizationSimplifier.cpp">
      <Filter>Source Files\Devices</Filter>
    </ClCompile>
    <ClCompile Include="Basics\WindowSimplifier.cpp">
      <Filter>Source Files\Basics</Filter>
    </ClCompile>
    <ClCompile Include="Device\DeviceMemorySimplifierInternal.cpp">
      <Filter>Source Files\Devices</Filter>
    </ClCompile>
    <ClCompile Include="Device\DeviceMemorySimplifier.cpp">
      <Filter>Source Files\Devices</Filter>
    </ClCompile>
  </ItemGroup>
</Project>