<?xml version="1.0" encoding="utf-8"?>
<Project ToolsVersion="4.0" xmlns="http://schemas.microsoft.com/developer/msbuild/2003">
  <ItemGroup>
    <Filter Include="Source Files">
      <UniqueIdentifier>{4FC737F1-C7A5-4376-A066-2A32D752A2FF}</UniqueIdentifier>
      <Extensions>cpp;c;cc;cxx;c++;cppm;ixx;def;odl;idl;hpj;bat;asm;asmx</Extensions>
    </Filter>
    <Filter Include="Header Files">
      <UniqueIdentifier>{93995380-89BD-4b04-88EB-625FBE52EBFB}</UniqueIdentifier>
      <Extensions>h;hh;hpp;hxx;h++;hm;inl;inc;ipp;xsd</Extensions>
    </Filter>
    <Filter Include="Resource Files">
      <UniqueIdentifier>{67DA6AB6-F800-4c08-8B7A-83BB121AAD01}</UniqueIdentifier>
      <Extensions>rc;ico;cur;bmp;dlg;rc2;rct;bin;rgs;gif;jpg;jpeg;jpe;resx;tiff;tif;png;wav;mfcribbon-ms</Extensions>
    </Filter>
    <Filter Include="Header Files\Basics">
      <UniqueIdentifier>{2f712e96-eda3-4a72-ac33-774023d8b76b}</UniqueIdentifier>
    </Filter>
    <Filter Include="Source Files\Basics">
      <UniqueIdentifier>{94549594-53a6-4960-901f-d96348dd9eb0}</UniqueIdentifier>
    </Filter>
    <Filter Include="Header Files\PreComp">
      <UniqueIdentifier>{fc7c96f8-6da9-4cad-9ea2-376ea9339bc7}</UniqueIdentifier>
    </Filter>
    <Filter Include="Source Files\PreComp">
      <UniqueIdentifier>{1c9602eb-bcc4-44e5-ad8c-70580e2b35dd}</UniqueIdentifier>
    </Filter>
  </ItemGroup>
  <ItemGroup>
    <ClInclude Include="Include\BasicsSimplifierSharedStructs.h">
      <Filter>Header Files\Basics</Filter>
    </ClInclude>
    <ClInclude Include="Include\BasicsSimplifier.h">
      <Filter>Header Files\Basics</Filter>
    </ClInclude>
    <ClInclude Include="WindowSimplifier.h">
      <Filter>Header Files\Basics</Filter>
    </ClInclude>
    <ClInclude Include="framework.h">
      <Filter>Header Files\PreComp</Filter>
    </ClInclude>
    <ClInclude Include="pch.h">
      <Filter>Header Files\PreComp</Filter>
    </ClInclude>
    <ClInclude Include="VulkanCoreSimplifier.h">
      <Filter>Header Files\Basics</Filter>
    </ClInclude>
    <ClInclude Include="Include\BasicsSimplifierSharedEnums.h">
      <Filter>Header Files\Basics</Filter>
    </ClInclude>
    <ClInclude Include="SurfaceSimplifier.h">
      <Filter>Header Files\Basics</Filter>
    </ClInclude>
    <ClInclude Include="DeviceListSimplifier.h">
      <Filter>Header Files</Filter>
    </ClInclude>
    <ClInclude Include="BasicsSimplifierInternal.h">
      <Filter>Header Files</Filter>
    </ClInclude>
  </ItemGroup>
  <ItemGroup>
    <ClCompile Include="BasicsSimplifier.cpp">
      <Filter>Source Files\Basics</Filter>
    </ClCompile>
    <ClCompile Include="WindowSimplifier.cpp">
      <Filter>Source Files\Basics</Filter>
    </ClCompile>
    <ClCompile Include="pch.cpp">
      <Filter>Source Files\PreComp</Filter>
    </ClCompile>
    <ClCompile Include="VulkanCoreSimplifier.cpp">
      <Filter>Source Files\Basics</Filter>
    </ClCompile>
    <ClCompile Include="BasicsSimplifierSharedStructs.cpp">
      <Filter>Source Files\Basics</Filter>
    </ClCompile>
    <ClCompile Include="SurfaceSimplifier.cpp">
      <Filter>Source Files\Basics</Filter>
    </ClCompile>
    <ClCompile Include="DeviceListSimplifier.cpp">
      <Filter>Source Files</Filter>
    </ClCompile>
    <ClCompile Include="BasicsSimplifierInternal.cpp">
      <Filter>Source Files</Filter>
    </ClCompile>
  </ItemGroup>
</Project>