<?xml version="1.0" encoding="utf-8"?>
<Project ToolsVersion="4.0" xmlns="http://schemas.microsoft.com/developer/msbuild/2003">
  <ItemGroup>
    <Filter Include="Source Files">
      <UniqueIdentifier>{4FC737F1-C7A5-4376-A066-2A32D752A2FF}</UniqueIdentifier>
      <Extensions>cpp;c;cc;cxx;c++;cppm;ixx;def;odl;idl;hpj;bat;asm;asmx</Extensions>
    </Filter>
    <Filter Include="Header Files">
      <UniqueIdentifier>{93995380-89BD-4b04-88EB-625FBE52EBFB}</UniqueIdentifier>
      <Extensions>h;hh;hpp;hxx;h++;hm;inl;inc;ipp;xsd</Extensions>
    </Filter>
    <Filter Include="Resource Files">
      <UniqueIdentifier>{67DA6AB6-F800-4c08-8B7A-83BB121AAD01}</UniqueIdentifier>
      <Extensions>rc;ico;cur;bmp;dlg;rc2;rct;bin;rgs;gif;jpg;jpeg;jpe;resx;tiff;tif;png;wav;mfcribbon-ms</Extensions>
    </Filter>
    <Filter Include="Header Files\Basics">
      <UniqueIdentifier>{2f712e96-eda3-4a72-ac33-774023d8b76b}</UniqueIdentifier>
    </Filter>
    <Filter Include="Source Files\Basics">
      <UniqueIdentifier>{94549594-53a6-4960-901f-d96348dd9eb0}</UniqueIdentifier>
    </Filter>
    <Filter Include="Header Files\Devices">
      <UniqueIdentifier>{9b6a134f-b780-4f65-92ef-b4c7fca5a33b}</UniqueIdentifier>
    </Filter>
    <Filter Include="Source Files\Devices">
      <UniqueIdentifier>{ce95a1b1-42b1-489c-9454-75f6b043af64}</UniqueIdentifier>
    </Filter>
    <Filter Include="Header Files\Other">
      <UniqueIdentifier>{fc7c96f8-6da9-4cad-9ea2-376ea9339bc7}</UniqueIdentifier>
    </Filter>
    <Filter Include="Source Files\Other">
      <UniqueIdentifier>{1c9602eb-bcc4-44e5-ad8c-70580e2b35dd}</UniqueIdentifier>
    </Filter>
    <Filter Include="Source Files\SharedData">
      <UniqueIdentifier>{a39d5c2f-91f5-4831-9970-1f5368fc973f}</UniqueIdentifier>
    </Filter>
    <Filter Include="Header Files\SharedData">
      <UniqueIdentifier>{7c0f4139-b0f1-4381-81d4-da5f4630bb55}</UniqueIdentifier>
    </Filter>
  </ItemGroup>
  <ItemGroup>
    <ClInclude Include="Include\BasicsSimplifierSharedStructs.h">
      <Filter>Header Files\Basics</Filter>
    </ClInclude>
    <ClInclude Include="Include\BasicsSimplifier.h">
      <Filter>Header Files\Basics</Filter>
    </ClInclude>
    <ClInclude Include="WindowSimplifierInternal.h">
      <Filter>Header Files\Basics</Filter>
    </ClInclude>
    <ClInclude Include="framework.h">
      <Filter>Header Files\Other</Filter>
    </ClInclude>
    <ClInclude Include="pch.h">
      <Filter>Header Files\Other</Filter>
    </ClInclude>
    <ClInclude Include="VulkanCoreSimplifierInternal.h">
      <Filter>Header Files\Basics</Filter>
    </ClInclude>
    <ClInclude Include="Include\BasicsSimplifierSharedEnums.h">
      <Filter>Header Files\Basics</Filter>
    </ClInclude>
    <ClInclude Include="SurfaceSimplifierInternal.h">
      <Filter>Header Files\Basics</Filter>
    </ClInclude>
    <ClInclude Include="BasicsSimplifierInternal.h">
      <Filter>Header Files\Basics</Filter>
    </ClInclude>
    <ClInclude Include="DeviceListSimplifierInternal.h">
      <Filter>Header Files\Basics</Filter>
    </ClInclude>
    <ClInclude Include="Include\DeviceListSimplifier.h">
      <Filter>Header Files\Basics</Filter>
    </ClInclude>
    <ClInclude Include="Include\DeviceSimplifierSharedStructs.h">
      <Filter>Header Files\Devices</Filter>
    </ClInclude>
    <ClInclude Include="DeviceCoreSimplifierInternal.h">
      <Filter>Header Files\Devices</Filter>
    </ClInclude>
    <ClInclude Include="Include\DeviceSimplifierSharedEnums.h">
      <Filter>Header Files\Devices</Filter>
    </ClInclude>
    <ClInclude Include="Include\VulkanSimplifierListTemplate.h">
      <Filter>Header Files\Other</Filter>
    </ClInclude>
    <ClInclude Include="ShaderModulesSimplifierInternal.h">
      <Filter>Header Files\Devices</Filter>
    </ClInclude>
    <ClInclude Include="Include\ShaderModulesSimplifier.h">
      <Filter>Header Files\Devices</Filter>
    </ClInclude>
    <ClInclude Include="Include\DeviceCoreSimplifier.h">
      <Filter>Header Files\Devices</Filter>
    </ClInclude>
    <ClInclude Include="SharedDataPipelineElementsInternal.h">
      <Filter>Header Files\SharedData</Filter>
    </ClInclude>
    <ClInclude Include="SharedDataSimplifierCoreInternal.h">
      <Filter>Header Files\SharedData</Filter>
    </ClInclude>
    <ClInclude Include="Include\SharedDataSimplifierCore.h">
      <Filter>Header Files\SharedData</Filter>
    </ClInclude>
    <ClInclude Include="SwapchainSimplifierInternal.h">
      <Filter>Header Files\Basics</Filter>
    </ClInclude>
    <ClInclude Include="DeviceDataListSimplifierInternal.h">
      <Filter>Header Files</Filter>
    </ClInclude>
    <ClInclude Include="Include\SwapchainSimplifier.h">
      <Filter>Header Files\Basics</Filter>
    </ClInclude>
    <ClInclude Include="Include\DeviceDataListSimplifier.h">
      <Filter>Header Files</Filter>
    </ClInclude>
  </ItemGroup>
  <ItemGroup>
    <ClCompile Include="BasicsSimplifier.cpp">
      <Filter>Source Files\Basics</Filter>
    </ClCompile>
    <ClCompile Include="WindowSimplifierInternal.cpp">
      <Filter>Source Files\Basics</Filter>
    </ClCompile>
    <ClCompile Include="pch.cpp">
      <Filter>Source Files\Other</Filter>
    </ClCompile>
    <ClCompile Include="VulkanCoreSimplifierInternal.cpp">
      <Filter>Source Files\Basics</Filter>
    </ClCompile>
    <ClCompile Include="BasicsSimplifierSharedStructs.cpp">
      <Filter>Source Files\Basics</Filter>
    </ClCompile>
    <ClCompile Include="SurfaceSimplifierInternal.cpp">
      <Filter>Source Files\Basics</Filter>
    </ClCompile>
    <ClCompile Include="BasicsSimplifierInternal.cpp">
      <Filter>Source Files\Basics</Filter>
    </ClCompile>
    <ClCompile Include="DeviceListSimplifierInternal.cpp">
      <Filter>Source Files\Basics</Filter>
    </ClCompile>
    <ClCompile Include="DeviceListSimplifier.cpp">
      <Filter>Source Files\Basics</Filter>
    </ClCompile>
    <ClCompile Include="DeviceCoreSimplifierInternal.cpp">
      <Filter>Source Files\Devices</Filter>
    </ClCompile>
    <ClCompile Include="DeviceSimplifierSharedStructs.cpp">
      <Filter>Source Files\Devices</Filter>
    </ClCompile>
    <ClCompile Include="VulkanSimplifierListTemplate.cpp">
      <Filter>Source Files\Other</Filter>
    </ClCompile>
    <ClCompile Include="ShaderModulesSimplifierInternal.cpp">
      <Filter>Source Files\Devices</Filter>
    </ClCompile>
    <ClCompile Include="ShaderModulesSimplifier.cpp">
      <Filter>Source Files\Devices</Filter>
    </ClCompile>
    <ClCompile Include="DeviceCoreSimplifier.cpp">
      <Filter>Source Files\Devices</Filter>
    </ClCompile>
    <ClCompile Include="SwapchainSimplifierInternal.cpp">
      <Filter>Source Files\Basics</Filter>
    </ClCompile>
    <ClCompile Include="SharedDataPipelineElementsInternal.cpp">
      <Filter>Source Files\SharedData</Filter>
    </ClCompile>
    <ClCompile Include="SharedDataSimplifierCore.cpp">
      <Filter>Source Files\SharedData</Filter>
    </ClCompile>
    <ClCompile Include="SharedDataSimplifierCoreInternal.cpp">
      <Filter>Source Files\SharedData</Filter>
    </ClCompile>
    <ClCompile Include="DeviceDataListSimplifierInternal.cpp">
      <Filter>Source Files</Filter>
    </ClCompile>
    <ClCompile Include="SwapchainSimplifier.cpp">
      <Filter>Source Files\Basics</Filter>
    </ClCompile>
    <ClCompile Include="DeviceDataListSimplifier.cpp">
      <Filter>Source Files</Filter>
    </ClCompile>
  </ItemGroup>
</Project>