<?xml version="1.0" encoding="utf-8"?>
<Project ToolsVersion="4.0" xmlns="http://schemas.microsoft.com/developer/msbuild/2003">
  <ItemGroup>
    <Filter Include="Source Files">
      <UniqueIdentifier>{4FC737F1-C7A5-4376-A066-2A32D752A2FF}</UniqueIdentifier>
      <Extensions>cpp;c;cc;cxx;c++;cppm;ixx;def;odl;idl;hpj;bat;asm;asmx</Extensions>
    </Filter>
    <Filter Include="Header Files">
      <UniqueIdentifier>{93995380-89BD-4b04-88EB-625FBE52EBFB}</UniqueIdentifier>
      <Extensions>h;hh;hpp;hxx;h++;hm;inl;inc;ipp;xsd</Extensions>
    </Filter>
    <Filter Include="Resource Files">
      <UniqueIdentifier>{67DA6AB6-F800-4c08-8B7A-83BB121AAD01}</UniqueIdentifier>
      <Extensions>rc;ico;cur;bmp;dlg;rc2;rct;bin;rgs;gif;jpg;jpeg;jpe;resx;tiff;tif;png;wav;mfcribbon-ms</Extensions>
    </Filter>
    <Filter Include="Header Files\EventHandling">
      <UniqueIdentifier>{e21ab816-ceee-4673-aa17-2e67173e2bd2}</UniqueIdentifier>
    </Filter>
    <Filter Include="Source Files\EventHandling">
      <UniqueIdentifier>{3eb53c97-00e3-47f2-8c88-e1f858c05890}</UniqueIdentifier>
    </Filter>
  </ItemGroup>
  <ItemGroup>
    <ClCompile Include="DoNotInclude\VulkanSimplifiers.Main.cpp">
      <Filter>Source Files</Filter>
    </ClCompile>
    <ClCompile Include="DoNotInclude\VulkanSimplifiers.Main.Internal.ixx">
      <Filter>Header Files</Filter>
    </ClCompile>
    <ClCompile Include="DoNotInclude\VulkanSimplifiers.Main.Internal.cpp">
      <Filter>Source Files</Filter>
    </ClCompile>
    <ClCompile Include="Include\VulkanSimplifiers.Main.ixx">
      <Filter>Header Files</Filter>
    </ClCompile>
    <ClCompile Include="DoNotInclude\VulkanSimplifiers.Instance.cpp">
      <Filter>Source Files</Filter>
    </ClCompile>
    <ClCompile Include="Include\VulkanSimplifiers.Instance.ixx">
      <Filter>Header Files</Filter>
    </ClCompile>
    <ClCompile Include="DoNotInclude\VulkanSimplifiers.Window.Internal.cpp">
      <Filter>Source Files</Filter>
    </ClCompile>
    <ClCompile Include="DoNotInclude\VulkanSimplifiers.Window.cpp">
      <Filter>Source Files</Filter>
    </ClCompile>
    <ClCompile Include="Include\VulkanSimplifiers.Window.Data.ixx">
      <Filter>Header Files</Filter>
    </ClCompile>
    <ClCompile Include="DoNotInclude\VulkanSimplifiers.Window.Internal.ixx">
      <Filter>Header Files</Filter>
    </ClCompile>
    <ClCompile Include="Include\VulkanSimplifiers.Window.ixx">
      <Filter>Header Files</Filter>
    </ClCompile>
    <ClCompile Include="DoNotInclude\EventHandling\VulkanSimplifiers.EventHandling.Internal.ixx">
      <Filter>Source Files</Filter>
    </ClCompile>
    <ClCompile Include="Include\EventHandling\VulkanSimplifiers.EventHandling.SDLModule.DisplayEvent.ixx">
      <Filter>Source Files</Filter>
    </ClCompile>
    <ClCompile Include="DoNotInclude\EventHandling\VulkanSimplifiers.EventHandling.SDLModule.DisplayEvent.cpp">
      <Filter>Source Files</Filter>
    </ClCompile>
    <ClCompile Include="Include\EventHandling\VulkanSimplifiers.EventHandling.SDLModule.WindowEvent.ixx">
      <Filter>Source Files</Filter>
    </ClCompile>
    <ClCompile Include="DoNotInclude\EventHandling\VulkanSimplifiers.EventHandling.SDLModule.WindowEvent.cpp">
      <Filter>Source Files</Filter>
    </ClCompile>
    <ClCompile Include="Include\EventHandling\VulkanSimplifiers.EventHandling.SDLModule.KeyboardEvent.ixx">
      <Filter>Source Files</Filter>
    </ClCompile>
    <ClCompile Include="DoNotInclude\EventHandling\VulkanSimplifiers.EventHandling.SDLModule.KeyboardEvent.cpp">
      <Filter>Source Files</Filter>
    </ClCompile>
    <ClCompile Include="Include\EventHandling\VulkanSimplifiers.EventHandling.SDLModule.TextEvents.ixx">
      <Filter>Source Files</Filter>
    </ClCompile>
    <ClCompile Include="DoNotInclude\EventHandling\VulkanSimplifiers.EventHandling.SDLModule.TextEvents.cpp">
      <Filter>Source Files</Filter>
    </ClCompile>
    <ClCompile Include="Include\EventHandling\VulkanSimplifiers.EventHandling.SDLModule.MouseEvents.ixx">
      <Filter>Source Files</Filter>
    </ClCompile>
    <ClCompile Include="DoNotInclude\EventHandling\VulkanSimplifiers.EventHandling.SDLModule.MouseEvents.cpp">
      <Filter>Source Files</Filter>
    </ClCompile>
    <ClCompile Include="Include\EventHandling\VulkanSimplifiers.EventHandling.SDLModule.JoyEvents.ixx">
      <Filter>Source Files</Filter>
    </ClCompile>
    <ClCompile Include="DoNotInclude\EventHandling\VulkanSimplifiers.EventHandling.SDLModule.JoyEvents.cpp">
      <Filter>Source Files</Filter>
    </ClCompile>
    <ClCompile Include="Include\EventHandling\VulkanSimplifiers.EventHandling.SDLModule.ControllerEvents.ixx">
      <Filter>Source Files</Filter>
    </ClCompile>
    <ClCompile Include="DoNotInclude\EventHandling\VulkanSimplifiers.EventHandling.SDLModule.ControllerEvents.cpp">
      <Filter>Source Files</Filter>
    </ClCompile>
    <ClCompile Include="Include\EventHandling\VulkanSimplifiers.EventHandling.SDLModule.AudioDeviceEvent.ixx">
      <Filter>Source Files</Filter>
    </ClCompile>
    <ClCompile Include="DoNotInclude\EventHandling\VulkanSimplifiers.EventHandling.SDLModule.AudioDeviceEvent.cpp">
      <Filter>Source Files</Filter>
    </ClCompile>
    <ClCompile Include="Include\EventHandling\VulkanSimplifiers.EventHandling.SDLModule.TouchpadEvents.ixx">
      <Filter>Source Files</Filter>
    </ClCompile>
    <ClCompile Include="DoNotInclude\EventHandling\VulkanSimplifiers.EventHandling.SDLModule.TouchpadEvents.cpp">
      <Filter>Source Files</Filter>
    </ClCompile>
    <ClCompile Include="Include\EventHandling\VulkanSimplifiers.EventHandling.SDLModule.DropEvent.ixx">
      <Filter>Source Files</Filter>
    </ClCompile>
    <ClCompile Include="DoNotInclude\EventHandling\VulkanSimplifiers.EventHandling.SDLModule.DropEvent.cpp">
      <Filter>Source Files</Filter>
    </ClCompile>
    <ClCompile Include="Include\EventHandling\VulkanSimplifiers.EventHandling.SDLModule.QuitEvent.ixx">
      <Filter>Source Files</Filter>
    </ClCompile>
    <ClCompile Include="DoNotInclude\EventHandling\VulkanSimplifiers.EventHandling.SDLModule.QuitEvent.cpp">
      <Filter>Source Files</Filter>
    </ClCompile>
    <ClCompile Include="Include\EventHandling\VulkanSimplifiers.EventHandling.SDLModule.SensorEvent.ixx">
      <Filter>Source Files</Filter>
    </ClCompile>
    <ClCompile Include="DoNotInclude\EventHandling\VulkanSimplifiers.EventHandling.SDLModule.SensorEvent.cpp">
      <Filter>Source Files</Filter>
    </ClCompile>
    <ClCompile Include="Include\EventHandling\VulkanSimplifiers.EventHandling.SDLModule.SystemEvent.ixx">
      <Filter>Source Files</Filter>
    </ClCompile>
    <ClCompile Include="DoNotInclude\EventHandling\VulkanSimplifiers.EventHandling.SDLModule.SystemEvent.cpp">
      <Filter>Source Files</Filter>
    </ClCompile>
    <ClCompile Include="Include\EventHandling\VulkanSimplifiers.EventHandling.SDLModule.UserEvent.ixx">
      <Filter>Source Files</Filter>
    </ClCompile>
    <ClCompile Include="DoNotInclude\EventHandling\VulkanSimplifiers.EventHandling.SDLModule.UserEvent.cpp">
      <Filter>Source Files</Filter>
    </ClCompile>
    <ClCompile Include="DoNotInclude\EventHandling\VulkanSimplifiers.EventHandling.Internal.cpp">
      <Filter>Source Files</Filter>
    </ClCompile>
    <ClCompile Include="Include\EventHandling\VulkanSimplifiers.EventHandling.SDLModule.AppEvents.ixx">
      <Filter>Source Files</Filter>
    </ClCompile>
    <ClCompile Include="DoNotInclude\EventHandling\VulkanSimplifiers.EventHandling.SDLModule.AppEvents.cpp">
      <Filter>Source Files</Filter>
    </ClCompile>
    <ClCompile Include="Include\EventHandling\VulkanSimplifiers.EventHandling.SDLModule.LocaleChangedEvent.ixx">
      <Filter>Source Files</Filter>
    </ClCompile>
    <ClCompile Include="DoNotInclude\EventHandling\VulkanSimplifiers.EventHandling.SDLModule.LocaleChangedEvent.cpp">
      <Filter>Source Files</Filter>
    </ClCompile>
    <ClCompile Include="Include\EventHandling\VulkanSimplifiers.EventHandling.SDLModule.ClipboardEvent.ixx">
      <Filter>Source Files</Filter>
    </ClCompile>
    <ClCompile Include="DoNotInclude\EventHandling\VulkanSimplifiers.EventHandling.SDLModule.ClipboardEvent.cpp">
      <Filter>Source Files</Filter>
    </ClCompile>
    <ClCompile Include="Include\EventHandling\VulkanSimplifiers.EventHandling.SDLModule.RenderEvents.ixx">
      <Filter>Source Files</Filter>
    </ClCompile>
    <ClCompile Include="DoNotInclude\EventHandling\VulkanSimplifiers.EventHandling.SDLModule.RenderEvents.cpp">
      <Filter>Source Files</Filter>
    </ClCompile>
    <ClCompile Include="Include\EventHandling\VulkanSimplifiers.EventHandling.ixx">
      <Filter>Source Files</Filter>
    </ClCompile>
    <ClCompile Include="DoNotInclude\EventHandling\VulkanSimplifiers.EventHandling.cpp">
      <Filter>Source Files</Filter>
    </ClCompile>
    <ClCompile Include="Include\EventHandling\VulkanSimplifiers.EventHandling.Data.ixx">
      <Filter>Source Files</Filter>
    </ClCompile>
    <ClCompile Include="DoNotInclude\VulkanSimplifiers.EventHandler.Data.cpp">
      <Filter>Source Files</Filter>
    </ClCompile>
    <ClCompile Include="Include\VulkanSimplifiers.Main.Data.ixx">
      <Filter>Source Files</Filter>
    </ClCompile>
    <ClCompile Include="Include\Common\VulkanSimplifiers.Common.StandardNonVulkanVersion.ixx">
      <Filter>Source Files</Filter>
    </ClCompile>
    <ClCompile Include="DoNotInclude\Common\VulkanSimplifiers.Common.StandardNonVulkanVersion.cpp">
      <Filter>Source Files</Filter>
    </ClCompile>
    <ClCompile Include="DoNotInclude\VulkanSimplifiers.Main.Data.cpp">
      <Filter>Source Files</Filter>
    </ClCompile>
    <ClCompile Include="DoNotInclude\VulkanSimplifiers.WindowList.Internal.ixx">
      <Filter>Source Files</Filter>
    </ClCompile>
    <ClCompile Include="DoNotInclude\VulkanSimplifiers.WindowList.Internal.cpp">
      <Filter>Source Files</Filter>
    </ClCompile>
    <ClCompile Include="Include\VulkanSimplifiers.WindowList.ixx">
      <Filter>Source Files</Filter>
    </ClCompile>
    <ClCompile Include="DoNotInclude\VulkanSimplifiers.WindowList.cpp">
      <Filter>Source Files</Filter>
    </ClCompile>
    <ClCompile Include="DoNotInclude\VulkanSimplifiers.InstanceList.Internal.ixx">
      <Filter>Source Files</Filter>
    </ClCompile>
    <ClCompile Include="DoNotInclude\VulkanSimplifiers.Instance.Internal.ixx">
      <Filter>Source Files</Filter>
    </ClCompile>
    <ClCompile Include="DoNotInclude\VulkanSimplifiers.Instance.Internal.cpp">
      <Filter>Source Files</Filter>
    </ClCompile>
    <ClCompile Include="DoNotInclude\VulkanSimplifiers.InstanceList.Internal.cpp">
      <Filter>Source Files</Filter>
    </ClCompile>
    <ClCompile Include="Include\VulkanSimplifiers.InstanceList.ixx">
      <Filter>Source Files</Filter>
    </ClCompile>
    <ClCompile Include="DoNotInclude\VulkanSimplifiers.InstanceList.cpp">
      <Filter>Source Files</Filter>
    </ClCompile>
  </ItemGroup>
</Project>